
Microsoft Visual Studio Solution File, Format Version 12.00
# Visual Studio Version 17
VisualStudioVersion = 17.0.31903.59
MinimumVisualStudioVersion = 10.0.40219.1
Project("{FAE04EC0-301F-11D3-BF4B-00C04F79EFBC}") = "SpaceBattle", "SpaceBattle\SpaceBattle.csproj", "{5E6B5ECF-FBAD-49C1-BFC2-F75817034D21}"
EndProject
Project("{FAE04EC0-301F-11D3-BF4B-00C04F79EFBC}") = "SpaceBattle.Tests", "SpaceBattle.Tests\SpaceBattle.Tests.csproj", "{148988E2-1AC8-4669-BB78-EEAC482404E0}"
EndProject
Global
	GlobalSection(SolutionConfigurationPlatforms) = preSolution
		Debug|Any CPU = Debug|Any CPU
		Release|Any CPU = Release|Any CPU
	EndGlobalSection
	GlobalSection(SolutionProperties) = preSolution
		HideSolutionNode = FALSE
	EndGlobalSection
	GlobalSection(ProjectConfigurationPlatforms) = postSolution
		{5E6B5ECF-FBAD-49C1-BFC2-F75817034D21}.Debug|Any CPU.ActiveCfg = Debug|Any CPU
		{5E6B5ECF-FBAD-49C1-BFC2-F75817034D21}.Debug|Any CPU.Build.0 = Debug|Any CPU
		{5E6B5ECF-FBAD-49C1-BFC2-F75817034D21}.Release|Any CPU.ActiveCfg = Release|Any CPU
		{5E6B5ECF-FBAD-49C1-BFC2-F75817034D21}.Release|Any CPU.Build.0 = Release|Any CPU
		{148988E2-1AC8-4669-BB78-EEAC482404E0}.Debug|Any CPU.ActiveCfg = Debug|Any CPU
		{148988E2-1AC8-4669-BB78-EEAC482404E0}.Debug|Any CPU.Build.0 = Debug|Any CPU
		{148988E2-1AC8-4669-BB78-EEAC482404E0}.Release|Any CPU.ActiveCfg = Release|Any CPU
		{148988E2-1AC8-4669-BB78-EEAC482404E0}.Release|Any CPU.Build.0 = Release|Any CPU
	EndGlobalSection
EndGlobal
