
Microsoft Visual Studio Solution File, Format Version 12.00
# Visual Studio Version 17
VisualStudioVersion = 17.0.31903.59
MinimumVisualStudioVersion = 10.0.40219.1
Project("{FAE04EC0-301F-11D3-BF4B-00C04F79EFBC}") = "spacebattle", "spacebattle\spacebattle.csproj", "{224D0D57-6267-4F74-A535-F74DA1757557}"
EndProject
Project("{FAE04EC0-301F-11D3-BF4B-00C04F79EFBC}") = "spacebattletests", "spacebattletests\spacebattletests.csproj", "{538CA294-D871-4811-AF58-7C3393DCB772}"
EndProject
Global
	GlobalSection(SolutionConfigurationPlatforms) = preSolution
		Debug|Any CPU = Debug|Any CPU
		Release|Any CPU = Release|Any CPU
	EndGlobalSection
	GlobalSection(SolutionProperties) = preSolution
		HideSolutionNode = FALSE
	EndGlobalSection
	GlobalSection(ProjectConfigurationPlatforms) = postSolution
		{224D0D57-6267-4F74-A535-F74DA1757557}.Debug|Any CPU.ActiveCfg = Debug|Any CPU
		{224D0D57-6267-4F74-A535-F74DA1757557}.Debug|Any CPU.Build.0 = Debug|Any CPU
		{224D0D57-6267-4F74-A535-F74DA1757557}.Release|Any CPU.ActiveCfg = Release|Any CPU
		{224D0D57-6267-4F74-A535-F74DA1757557}.Release|Any CPU.Build.0 = Release|Any CPU
		{538CA294-D871-4811-AF58-7C3393DCB772}.Debug|Any CPU.ActiveCfg = Debug|Any CPU
		{538CA294-D871-4811-AF58-7C3393DCB772}.Debug|Any CPU.Build.0 = Debug|Any CPU
		{538CA294-D871-4811-AF58-7C3393DCB772}.Release|Any CPU.ActiveCfg = Release|Any CPU
		{538CA294-D871-4811-AF58-7C3393DCB772}.Release|Any CPU.Build.0 = Release|Any CPU
	EndGlobalSection
EndGlobal
