Microsoft Visual Studio Solution File, Format Version 12.00
# Visual Studio Version 17
VisualStudioVersion = 17.0.31903.59
MinimumVisualStudioVersion = 10.0.40219.1
Project("{FAE04EC0-301F-11D3-BF4B-00C04F79EFBC}") = "SpaceBattle", "SpaceBattle\SpaceBattle.csproj", "{22282610-21E1-4277-BE4A-F1DC096E7D6A}"
EndProject
Project("{FAE04EC0-301F-11D3-BF4B-00C04F79EFBC}") = "SpaceBattle.Tests", "SpaceBattle.Tests\SpaceBattle.Tests.csproj", "{BE482F5A-E97C-4F95-8841-EF379181B194}"
EndProject
Global
	GlobalSection(SolutionConfigurationPlatforms) = preSolution
		Debug|Any CPU = Debug|Any CPU
		Release|Any CPU = Release|Any CPU
	EndGlobalSection
	GlobalSection(SolutionProperties) = preSolution
		HideSolutionNode = FALSE
	EndGlobalSection
	GlobalSection(ProjectConfigurationPlatforms) = postSolution
		{22282610-21E1-4277-BE4A-F1DC096E7D6A}.Debug|Any CPU.ActiveCfg = Debug|Any CPU
		{22282610-21E1-4277-BE4A-F1DC096E7D6A}.Debug|Any CPU.Build.0 = Debug|Any CPU
		{22282610-21E1-4277-BE4A-F1DC096E7D6A}.Release|Any CPU.ActiveCfg = Release|Any CPU
		{22282610-21E1-4277-BE4A-F1DC096E7D6A}.Release|Any CPU.Build.0 = Release|Any CPU
		{BE482F5A-E97C-4F95-8841-EF379181B194}.Debug|Any CPU.ActiveCfg = Debug|Any CPU
		{BE482F5A-E97C-4F95-8841-EF379181B194}.Debug|Any CPU.Build.0 = Debug|Any CPU
		{BE482F5A-E97C-4F95-8841-EF379181B194}.Release|Any CPU.ActiveCfg = Release|Any CPU
		{BE482F5A-E97C-4F95-8841-EF379181B194}.Release|Any CPU.Build.0 = Release|Any CPU
	EndGlobalSection
EndGlobal