
Microsoft Visual Studio Solution File, Format Version 12.00
# Visual Studio Version 17
VisualStudioVersion = 17.0.31903.59
MinimumVisualStudioVersion = 10.0.40219.1
Project("{FAE04EC0-301F-11D3-BF4B-00C04F79EFBC}") = "spacebattle", "spacebattle\SpaceBattle.csproj", "{3C739591-75B6-4509-B95C-1CA5AC71E63E}"
EndProject
Project("{FAE04EC0-301F-11D3-BF4B-00C04F79EFBC}") = "spacebattle.Tests", "spacebattle.Tests\SpaceBattle.Tests.csproj", "{FCC74E3B-D49C-40E7-8511-A0D3FCF75D52}"
EndProject
Global
	GlobalSection(SolutionConfigurationPlatforms) = preSolution
		Debug|Any CPU = Debug|Any CPU
		Release|Any CPU = Release|Any CPU
	EndGlobalSection
	GlobalSection(SolutionProperties) = preSolution
		HideSolutionNode = FALSE
	EndGlobalSection
	GlobalSection(ProjectConfigurationPlatforms) = postSolution
		{3C739591-75B6-4509-B95C-1CA5AC71E63E}.Debug|Any CPU.ActiveCfg = Debug|Any CPU
		{3C739591-75B6-4509-B95C-1CA5AC71E63E}.Debug|Any CPU.Build.0 = Debug|Any CPU
		{3C739591-75B6-4509-B95C-1CA5AC71E63E}.Release|Any CPU.ActiveCfg = Release|Any CPU
		{3C739591-75B6-4509-B95C-1CA5AC71E63E}.Release|Any CPU.Build.0 = Release|Any CPU
		{FCC74E3B-D49C-40E7-8511-A0D3FCF75D52}.Debug|Any CPU.ActiveCfg = Debug|Any CPU
		{FCC74E3B-D49C-40E7-8511-A0D3FCF75D52}.Debug|Any CPU.Build.0 = Debug|Any CPU
		{FCC74E3B-D49C-40E7-8511-A0D3FCF75D52}.Release|Any CPU.ActiveCfg = Release|Any CPU
		{FCC74E3B-D49C-40E7-8511-A0D3FCF75D52}.Release|Any CPU.Build.0 = Release|Any CPU
	EndGlobalSection
EndGlobal
