
Microsoft Visual Studio Solution File, Format Version 12.00
# Visual Studio Version 17
VisualStudioVersion = 17.0.31903.59
MinimumVisualStudioVersion = 10.0.40219.1
Project("{FAE04EC0-301F-11D3-BF4B-00C04F79EFBC}") = "PrimeService", "PrimeService\PrimeService.csproj", "{C34252D0-A274-4275-8132-5E22F178DA2D}"
EndProject
Project("{FAE04EC0-301F-11D3-BF4B-00C04F79EFBC}") = "PrimeService.Tests", "PrimeService.Tests\PrimeService.Tests.csproj", "{E64E9483-ABCB-409B-8FB4-5EAE269C957F}"
EndProject
Global
	GlobalSection(SolutionConfigurationPlatforms) = preSolution
		Debug|Any CPU = Debug|Any CPU
		Release|Any CPU = Release|Any CPU
	EndGlobalSection
	GlobalSection(SolutionProperties) = preSolution
		HideSolutionNode = FALSE
	EndGlobalSection
	GlobalSection(ProjectConfigurationPlatforms) = postSolution
		{C34252D0-A274-4275-8132-5E22F178DA2D}.Debug|Any CPU.ActiveCfg = Debug|Any CPU
		{C34252D0-A274-4275-8132-5E22F178DA2D}.Debug|Any CPU.Build.0 = Debug|Any CPU
		{C34252D0-A274-4275-8132-5E22F178DA2D}.Release|Any CPU.ActiveCfg = Release|Any CPU
		{C34252D0-A274-4275-8132-5E22F178DA2D}.Release|Any CPU.Build.0 = Release|Any CPU
		{E64E9483-ABCB-409B-8FB4-5EAE269C957F}.Debug|Any CPU.ActiveCfg = Debug|Any CPU
		{E64E9483-ABCB-409B-8FB4-5EAE269C957F}.Debug|Any CPU.Build.0 = Debug|Any CPU
		{E64E9483-ABCB-409B-8FB4-5EAE269C957F}.Release|Any CPU.ActiveCfg = Release|Any CPU
		{E64E9483-ABCB-409B-8FB4-5EAE269C957F}.Release|Any CPU.Build.0 = Release|Any CPU
	EndGlobalSection
EndGlobal
