
Microsoft Visual Studio Solution File, Format Version 12.00
# Visual Studio Version 17
VisualStudioVersion = 17.0.31903.59
MinimumVisualStudioVersion = 10.0.40219.1
Project("{FAE04EC0-301F-11D3-BF4B-00C04F79EFBC}") = "SquareEquationLib", "..\SquareEquationLib\SquareEquationLib.csproj", "{51E2961C-B693-4230-BAD1-391DF18774B7}"
EndProject
Project("{FAE04EC0-301F-11D3-BF4B-00C04F79EFBC}") = "SquareEquation.Tests", "SquareEquation.Tests\SquareEquation.Tests.csproj", "{5718226E-1766-4C04-87B6-52965E65722B}"
EndProject
Global
	GlobalSection(SolutionConfigurationPlatforms) = preSolution
		Debug|Any CPU = Debug|Any CPU
		Release|Any CPU = Release|Any CPU
	EndGlobalSection
	GlobalSection(SolutionProperties) = preSolution
		HideSolutionNode = FALSE
	EndGlobalSection
	GlobalSection(ProjectConfigurationPlatforms) = postSolution
		{B9599518-7BDE-40E4-9401-FAF409ED0272}.Debug|Any CPU.ActiveCfg = Debug|Any CPU
		{B9599518-7BDE-40E4-9401-FAF409ED0272}.Debug|Any CPU.Build.0 = Debug|Any CPU
		{B9599518-7BDE-40E4-9401-FAF409ED0272}.Release|Any CPU.ActiveCfg = Release|Any CPU
		{B9599518-7BDE-40E4-9401-FAF409ED0272}.Release|Any CPU.Build.0 = Release|Any CPU
		{57B1BD83-DB57-4849-B02B-18B21EF28357}.Debug|Any CPU.ActiveCfg = Debug|Any CPU
		{57B1BD83-DB57-4849-B02B-18B21EF28357}.Debug|Any CPU.Build.0 = Debug|Any CPU
		{57B1BD83-DB57-4849-B02B-18B21EF28357}.Release|Any CPU.ActiveCfg = Release|Any CPU
		{57B1BD83-DB57-4849-B02B-18B21EF28357}.Release|Any CPU.Build.0 = Release|Any CPU
		{51E2961C-B693-4230-BAD1-391DF18774B7}.Debug|Any CPU.ActiveCfg = Debug|Any CPU
		{51E2961C-B693-4230-BAD1-391DF18774B7}.Debug|Any CPU.Build.0 = Debug|Any CPU
		{51E2961C-B693-4230-BAD1-391DF18774B7}.Release|Any CPU.ActiveCfg = Release|Any CPU
		{51E2961C-B693-4230-BAD1-391DF18774B7}.Release|Any CPU.Build.0 = Release|Any CPU
		{5718226E-1766-4C04-87B6-52965E65722B}.Debug|Any CPU.ActiveCfg = Debug|Any CPU
		{5718226E-1766-4C04-87B6-52965E65722B}.Debug|Any CPU.Build.0 = Debug|Any CPU
		{5718226E-1766-4C04-87B6-52965E65722B}.Release|Any CPU.ActiveCfg = Release|Any CPU
		{5718226E-1766-4C04-87B6-52965E65722B}.Release|Any CPU.Build.0 = Release|Any CPU
	EndGlobalSection
EndGlobal
