
Microsoft Visual Studio Solution File, Format Version 12.00
# Visual Studio Version 17
VisualStudioVersion = 17.0.31903.59
MinimumVisualStudioVersion = 10.0.40219.1
Project("{FAE04EC0-301F-11D3-BF4B-00C04F79EFBC}") = "SpaceBattle", "SpaceBattle\SpaceBattle.csproj", "{18B38C1A-8AAC-461B-A6CB-5DB6CDB33CDA}"
EndProject
Project("{FAE04EC0-301F-11D3-BF4B-00C04F79EFBC}") = "SpaceBattle.Tests", "SpaceBattle.Tests\SpaceBattle.Tests.csproj", "{A0865DF6-2D0F-4BA0-9C6A-86DDAC9916FB}"
EndProject
Global
	GlobalSection(SolutionConfigurationPlatforms) = preSolution
		Debug|Any CPU = Debug|Any CPU
		Release|Any CPU = Release|Any CPU
	EndGlobalSection
	GlobalSection(SolutionProperties) = preSolution
		HideSolutionNode = FALSE
	EndGlobalSection
	GlobalSection(ProjectConfigurationPlatforms) = postSolution
		{18B38C1A-8AAC-461B-A6CB-5DB6CDB33CDA}.Debug|Any CPU.ActiveCfg = Debug|Any CPU
		{18B38C1A-8AAC-461B-A6CB-5DB6CDB33CDA}.Debug|Any CPU.Build.0 = Debug|Any CPU
		{18B38C1A-8AAC-461B-A6CB-5DB6CDB33CDA}.Release|Any CPU.ActiveCfg = Release|Any CPU
		{18B38C1A-8AAC-461B-A6CB-5DB6CDB33CDA}.Release|Any CPU.Build.0 = Release|Any CPU
		{A0865DF6-2D0F-4BA0-9C6A-86DDAC9916FB}.Debug|Any CPU.ActiveCfg = Debug|Any CPU
		{A0865DF6-2D0F-4BA0-9C6A-86DDAC9916FB}.Debug|Any CPU.Build.0 = Debug|Any CPU
		{A0865DF6-2D0F-4BA0-9C6A-86DDAC9916FB}.Release|Any CPU.ActiveCfg = Release|Any CPU
		{A0865DF6-2D0F-4BA0-9C6A-86DDAC9916FB}.Release|Any CPU.Build.0 = Release|Any CPU
	EndGlobalSection
EndGlobal
